
Microsoft Visual Studio Solution File, Format Version 12.00
# Visual Studio Version 17
VisualStudioVersion = 17.4.33403.182
MinimumVisualStudioVersion = 10.0.40219.1
Project("{F184B08F-C81C-45F6-A57F-5ABD9991F28F}") = "AviationShiftShuffelingProject", "AviationShiftShuffelingProject\AviationShiftShuffelingProject.vbproj", "{D2AE4045-E93A-443A-8155-7A0076BBA0F5}"
EndProject
Global
	GlobalSection(SolutionConfigurationPlatforms) = preSolution
		Debug|Any CPU = Debug|Any CPU
		Release|Any CPU = Release|Any CPU
	EndGlobalSection
	GlobalSection(ProjectConfigurationPlatforms) = postSolution
		{D2AE4045-E93A-443A-8155-7A0076BBA0F5}.Debug|Any CPU.ActiveCfg = Debug|Any CPU
		{D2AE4045-E93A-443A-8155-7A0076BBA0F5}.Debug|Any CPU.Build.0 = Debug|Any CPU
		{D2AE4045-E93A-443A-8155-7A0076BBA0F5}.Release|Any CPU.ActiveCfg = Release|Any CPU
		{D2AE4045-E93A-443A-8155-7A0076BBA0F5}.Release|Any CPU.Build.0 = Release|Any CPU
	EndGlobalSection
	GlobalSection(SolutionProperties) = preSolution
		HideSolutionNode = FALSE
	EndGlobalSection
	GlobalSection(ExtensibilityGlobals) = postSolution
		SolutionGuid = {52AF4358-8254-4AB5-A861-B74C82219222}
	EndGlobalSection
EndGlobal
